// !$*UTF8*$!
{
	archiveVersion = 1;
	classes = {
	};
	objectVersion = 55;
	objects = {

/* Begin PBXBuildFile section */
		6ADD762827D8B7F800C9B925 /* AppDelegate.swift in Sources */ = {isa = PBXBuildFile; fileRef = 6ADD762727D8B7F800C9B925 /* AppDelegate.swift */; };
		6ADD762A27D8B7F800C9B925 /* SceneDelegate.swift in Sources */ = {isa = PBXBuildFile; fileRef = 6ADD762927D8B7F800C9B925 /* SceneDelegate.swift */; };
		6ADD762C27D8B7F800C9B925 /* ViewController.swift in Sources */ = {isa = PBXBuildFile; fileRef = 6ADD762B27D8B7F800C9B925 /* ViewController.swift */; };
		6ADD762F27D8B7F800C9B925 /* Main.storyboard in Resources */ = {isa = PBXBuildFile; fileRef = 6ADD762D27D8B7F800C9B925 /* Main.storyboard */; };
		6ADD763127D8B7F900C9B925 /* Assets.xcassets in Resources */ = {isa = PBXBuildFile; fileRef = 6ADD763027D8B7F900C9B925 /* Assets.xcassets */; };
		6ADD763427D8B7F900C9B925 /* LaunchScreen.storyboard in Resources */ = {isa = PBXBuildFile; fileRef = 6ADD763227D8B7F900C9B925 /* LaunchScreen.storyboard */; };
		6ADD763C27D8D00B00C9B925 /* Models.swift in Sources */ = {isa = PBXBuildFile; fileRef = 6ADD763B27D8D00B00C9B925 /* Models.swift */; };
		6ADD763E27D920AB00C9B925 /* PersonFollowingTableViewCell.swift in Sources */ = {isa = PBXBuildFile; fileRef = 6ADD763D27D920AB00C9B925 /* PersonFollowingTableViewCell.swift */; };
		6ADD764027D927CD00C9B925 /* PersonFollowingTableViewCellViewModel.swift in Sources */ = {isa = PBXBuildFile; fileRef = 6ADD763F27D927CD00C9B925 /* PersonFollowingTableViewCellViewModel.swift */; };
/* End PBXBuildFile section */

/* Begin PBXFileReference section */
		6ADD762427D8B7F800C9B925 /* MVVM example app.app */ = {isa = PBXFileReference; explicitFileType = wrapper.application; includeInIndex = 0; path = "MVVM example app.app"; sourceTree = BUILT_PRODUCTS_DIR; };
		6ADD762727D8B7F800C9B925 /* AppDelegate.swift */ = {isa = PBXFileReference; lastKnownFileType = sourcecode.swift; path = AppDelegate.swift; sourceTree = "<group>"; };
		6ADD762927D8B7F800C9B925 /* SceneDelegate.swift */ = {isa = PBXFileReference; lastKnownFileType = sourcecode.swift; path = SceneDelegate.swift; sourceTree = "<group>"; };
		6ADD762B27D8B7F800C9B925 /* ViewController.swift */ = {isa = PBXFileReference; lastKnownFileType = sourcecode.swift; path = ViewController.swift; sourceTree = "<group>"; };
		6ADD762E27D8B7F800C9B925 /* Base */ = {isa = PBXFileReference; lastKnownFileType = file.storyboard; name = Base; path = Base.lproj/Main.storyboard; sourceTree = "<group>"; };
		6ADD763027D8B7F900C9B925 /* Assets.xcassets */ = {isa = PBXFileReference; lastKnownFileType = folder.assetcatalog; path = Assets.xcassets; sourceTree = "<group>"; };
		6ADD763327D8B7F900C9B925 /* Base */ = {isa = PBXFileReference; lastKnownFileType = file.storyboard; name = Base; path = Base.lproj/LaunchScreen.storyboard; sourceTree = "<group>"; };
		6ADD763527D8B7F900C9B925 /* Info.plist */ = {isa = PBXFileReference; lastKnownFileType = text.plist.xml; path = Info.plist; sourceTree = "<group>"; };
		6ADD763B27D8D00B00C9B925 /* Models.swift */ = {isa = PBXFileReference; lastKnownFileType = sourcecode.swift; path = Models.swift; sourceTree = "<group>"; };
		6ADD763D27D920AB00C9B925 /* PersonFollowingTableViewCell.swift */ = {isa = PBXFileReference; lastKnownFileType = sourcecode.swift; path = PersonFollowingTableViewCell.swift; sourceTree = "<group>"; };
		6ADD763F27D927CD00C9B925 /* PersonFollowingTableViewCellViewModel.swift */ = {isa = PBXFileReference; lastKnownFileType = sourcecode.swift; path = PersonFollowingTableViewCellViewModel.swift; sourceTree = "<group>"; };
/* End PBXFileReference section */

/* Begin PBXFrameworksBuildPhase section */
		6ADD762127D8B7F800C9B925 /* Frameworks */ = {
			isa = PBXFrameworksBuildPhase;
			buildActionMask = 2147483647;
			files = (
			);
			runOnlyForDeploymentPostprocessing = 0;
		};
/* End PBXFrameworksBuildPhase section */

/* Begin PBXGroup section */
		6ADD761B27D8B7F800C9B925 = {
			isa = PBXGroup;
			children = (
				6ADD762627D8B7F800C9B925 /* MVVM example app */,
				6ADD762527D8B7F800C9B925 /* Products */,
			);
			sourceTree = "<group>";
		};
		6ADD762527D8B7F800C9B925 /* Products */ = {
			isa = PBXGroup;
			children = (
				6ADD762427D8B7F800C9B925 /* MVVM example app.app */,
			);
			name = Products;
			sourceTree = "<group>";
		};
		6ADD762627D8B7F800C9B925 /* MVVM example app */ = {
			isa = PBXGroup;
			children = (
				6ADD763D27D920AB00C9B925 /* PersonFollowingTableViewCell.swift */,
				6ADD763F27D927CD00C9B925 /* PersonFollowingTableViewCellViewModel.swift */,
				6ADD762B27D8B7F800C9B925 /* ViewController.swift */,
				6ADD763B27D8D00B00C9B925 /* Models.swift */,
				6ADD762727D8B7F800C9B925 /* AppDelegate.swift */,
				6ADD762927D8B7F800C9B925 /* SceneDelegate.swift */,
				6ADD762D27D8B7F800C9B925 /* Main.storyboard */,
				6ADD763027D8B7F900C9B925 /* Assets.xcassets */,
				6ADD763227D8B7F900C9B925 /* LaunchScreen.storyboard */,
				6ADD763527D8B7F900C9B925 /* Info.plist */,
			);
			path = "MVVM example app";
			sourceTree = "<group>";
		};
/* End PBXGroup section */

/* Begin PBXNativeTarget section */
		6ADD762327D8B7F800C9B925 /* MVVM example app */ = {
			isa = PBXNativeTarget;
			buildConfigurationList = 6ADD763827D8B7F900C9B925 /* Build configuration list for PBXNativeTarget "MVVM example app" */;
			buildPhases = (
				6ADD762027D8B7F800C9B925 /* Sources */,
				6ADD762127D8B7F800C9B925 /* Frameworks */,
				6ADD762227D8B7F800C9B925 /* Resources */,
			);
			buildRules = (
			);
			dependencies = (
			);
			name = "MVVM example app";
			productName = "MVVM example app";
			productReference = 6ADD762427D8B7F800C9B925 /* MVVM example app.app */;
			productType = "com.apple.product-type.application";
		};
/* End PBXNativeTarget section */

/* Begin PBXProject section */
		6ADD761C27D8B7F800C9B925 /* Project object */ = {
			isa = PBXProject;
			attributes = {
				BuildIndependentTargetsInParallel = 1;
				LastSwiftUpdateCheck = 1320;
				LastUpgradeCheck = 1320;
				TargetAttributes = {
					6ADD762327D8B7F800C9B925 = {
						CreatedOnToolsVersion = 13.2.1;
					};
				};
			};
			buildConfigurationList = 6ADD761F27D8B7F800C9B925 /* Build configuration list for PBXProject "MVVM example app" */;
			compatibilityVersion = "Xcode 13.0";
			developmentRegion = en;
			hasScannedForEncodings = 0;
			knownRegions = (
				en,
				Base,
			);
			mainGroup = 6ADD761B27D8B7F800C9B925;
			productRefGroup = 6ADD762527D8B7F800C9B925 /* Products */;
			projectDirPath = "";
			projectRoot = "";
			targets = (
				6ADD762327D8B7F800C9B925 /* MVVM example app */,
			);
		};
/* End PBXProject section */

/* Begin PBXResourcesBuildPhase section */
		6ADD762227D8B7F800C9B925 /* Resources */ = {
			isa = PBXResourcesBuildPhase;
			buildActionMask = 2147483647;
			files = (
				6ADD763427D8B7F900C9B925 /* LaunchScreen.storyboard in Resources */,
				6ADD763127D8B7F900C9B925 /* Assets.xcassets in Resources */,
				6ADD762F27D8B7F800C9B925 /* Main.storyboard in Resources */,
			);
			runOnlyForDeploymentPostprocessing = 0;
		};
/* End PBXResourcesBuildPhase section */

/* Begin PBXSourcesBuildPhase section */
		6ADD762027D8B7F800C9B925 /* Sources */ = {
			isa = PBXSourcesBuildPhase;
			buildActionMask = 2147483647;
			files = (
				6ADD762C27D8B7F800C9B925 /* ViewController.swift in Sources */,
				6ADD764027D927CD00C9B925 /* PersonFollowingTableViewCellViewModel.swift in Sources */,
				6ADD763E27D920AB00C9B925 /* PersonFollowingTableViewCell.swift in Sources */,
				6ADD762827D8B7F800C9B925 /* AppDelegate.swift in Sources */,
				6ADD762A27D8B7F800C9B925 /* SceneDelegate.swift in Sources */,
				6ADD763C27D8D00B00C9B925 /* Models.swift in Sources */,
			);
			runOnlyForDeploymentPostprocessing = 0;
		};
/* End PBXSourcesBuildPhase section */

/* Begin PBXVariantGroup section */
		6ADD762D27D8B7F800C9B925 /* Main.storyboard */ = {
			isa = PBXVariantGroup;
			children = (
				6ADD762E27D8B7F800C9B925 /* Base */,
			);
			name = Main.storyboard;
			sourceTree = "<group>";
		};
		6ADD763227D8B7F900C9B925 /* LaunchScreen.storyboard */ = {
			isa = PBXVariantGroup;
			children = (
				6ADD763327D8B7F900C9B925 /* Base */,
			);
			name = LaunchScreen.storyboard;
			sourceTree = "<group>";
		};
/* End PBXVariantGroup section */

/* Begin XCBuildConfiguration section */
		6ADD763627D8B7F900C9B925 /* Debug */ = {
			isa = XCBuildConfiguration;
			buildSettings = {
				ALWAYS_SEARCH_USER_PATHS = NO;
				CLANG_ANALYZER_NONNULL = YES;
				CLANG_ANALYZER_NUMBER_OBJECT_CONVERSION = YES_AGGRESSIVE;
				CLANG_CXX_LANGUAGE_STANDARD = "gnu++17";
				CLANG_CXX_LIBRARY = "libc++";
				CLANG_ENABLE_MODULES = YES;
				CLANG_ENABLE_OBJC_ARC = YES;
				CLANG_ENABLE_OBJC_WEAK = YES;
				CLANG_WARN_BLOCK_CAPTURE_AUTORELEASING = YES;
				CLANG_WARN_BOOL_CONVERSION = YES;
				CLANG_WARN_COMMA = YES;
				CLANG_WARN_CONSTANT_CONVERSION = YES;
				CLANG_WARN_DEPRECATED_OBJC_IMPLEMENTATIONS = YES;
				CLANG_WARN_DIRECT_OBJC_ISA_USAGE = YES_ERROR;
				CLANG_WARN_DOCUMENTATION_COMMENTS = YES;
				CLANG_WARN_EMPTY_BODY = YES;
				CLANG_WARN_ENUM_CONVERSION = YES;
				CLANG_WARN_INFINITE_RECURSION = YES;
				CLANG_WARN_INT_CONVERSION = YES;
				CLANG_WARN_NON_LITERAL_NULL_CONVERSION = YES;
				CLANG_WARN_OBJC_IMPLICIT_RETAIN_SELF = YES;
				CLANG_WARN_OBJC_LITERAL_CONVERSION = YES;
				CLANG_WARN_OBJC_ROOT_CLASS = YES_ERROR;
				CLANG_WARN_QUOTED_INCLUDE_IN_FRAMEWORK_HEADER = YES;
				CLANG_WARN_RANGE_LOOP_ANALYSIS = YES;
				CLANG_WARN_STRICT_PROTOTYPES = YES;
				CLANG_WARN_SUSPICIOUS_MOVE = YES;
				CLANG_WARN_UNGUARDED_AVAILABILITY = YES_AGGRESSIVE;
				CLANG_WARN_UNREACHABLE_CODE = YES;
				CLANG_WARN__DUPLICATE_METHOD_MATCH = YES;
				COPY_PHASE_STRIP = NO;
				DEBUG_INFORMATION_FORMAT = dwarf;
				ENABLE_STRICT_OBJC_MSGSEND = YES;
				ENABLE_TESTABILITY = YES;
				GCC_C_LANGUAGE_STANDARD = gnu11;
				GCC_DYNAMIC_NO_PIC = NO;
				GCC_NO_COMMON_BLOCKS = YES;
				GCC_OPTIMIZATION_LEVEL = 0;
				GCC_PREPROCESSOR_DEFINITIONS = (
					"DEBUG=1",
					"$(inherited)",
				);
				GCC_WARN_64_TO_32_BIT_CONVERSION = YES;
				GCC_WARN_ABOUT_RETURN_TYPE = YES_ERROR;
				GCC_WARN_UNDECLARED_SELECTOR = YES;
				GCC_WARN_UNINITIALIZED_AUTOS = YES_AGGRESSIVE;
				GCC_WARN_UNUSED_FUNCTION = YES;
				GCC_WARN_UNUSED_VARIABLE = YES;
				IPHONEOS_DEPLOYMENT_TARGET = 15.2;
				MTL_ENABLE_DEBUG_INFO = INCLUDE_SOURCE;
				MTL_FAST_MATH = YES;
				ONLY_ACTIVE_ARCH = YES;
				SDKROOT = iphoneos;
				SWIFT_ACTIVE_COMPILATION_CONDITIONS = DEBUG;
				SWIFT_OPTIMIZATION_LEVEL = "-Onone";
			};
			name = Debug;
		};
		6ADD763727D8B7F900C9B925 /* Release */ = {
			isa = XCBuildConfiguration;
			buildSettings = {
				ALWAYS_SEARCH_USER_PATHS = NO;
				CLANG_ANALYZER_NONNULL = YES;
				CLANG_ANALYZER_NUMBER_OBJECT_CONVERSION = YES_AGGRESSIVE;
				CLANG_CXX_LANGUAGE_STANDARD = "gnu++17";
				CLANG_CXX_LIBRARY = "libc++";
				CLANG_ENABLE_MODULES = YES;
				CLANG_ENABLE_OBJC_ARC = YES;
				CLANG_ENABLE_OBJC_WEAK = YES;
				CLANG_WARN_BLOCK_CAPTURE_AUTORELEASING = YES;
				CLANG_WARN_BOOL_CONVERSION = YES;
				CLANG_WARN_COMMA = YES;
				CLANG_WARN_CONSTANT_CONVERSION = YES;
				CLANG_WARN_DEPRECATED_OBJC_IMPLEMENTATIONS = YES;
				CLANG_WARN_DIRECT_OBJC_ISA_USAGE = YES_ERROR;
				CLANG_WARN_DOCUMENTATION_COMMENTS = YES;
				CLANG_WARN_EMPTY_BODY = YES;
				CLANG_WARN_ENUM_CONVERSION = YES;
				CLANG_WARN_INFINITE_RECURSION = YES;
				CLANG_WARN_INT_CONVERSION = YES;
				CLANG_WARN_NON_LITERAL_NULL_CONVERSION = YES;
				CLANG_WARN_OBJC_IMPLICIT_RETAIN_SELF = YES;
				CLANG_WARN_OBJC_LITERAL_CONVERSION = YES;
				CLANG_WARN_OBJC_ROOT_CLASS = YES_ERROR;
				CLANG_WARN_QUOTED_INCLUDE_IN_FRAMEWORK_HEADER = YES;
				CLANG_WARN_RANGE_LOOP_ANALYSIS = YES;
				CLANG_WARN_STRICT_PROTOTYPES = YES;
				CLANG_WARN_SUSPICIOUS_MOVE = YES;
				CLANG_WARN_UNGUARDED_AVAILABILITY = YES_AGGRESSIVE;
				CLANG_WARN_UNREACHABLE_CODE = YES;
				CLANG_WARN__DUPLICATE_METHOD_MATCH = YES;
				COPY_PHASE_STRIP = NO;
				DEBUG_INFORMATION_FORMAT = "dwarf-with-dsym";
				ENABLE_NS_ASSERTIONS = NO;
				ENABLE_STRICT_OBJC_MSGSEND = YES;
				GCC_C_LANGUAGE_STANDARD = gnu11;
				GCC_NO_COMMON_BLOCKS = YES;
				GCC_WARN_64_TO_32_BIT_CONVERSION = YES;
				GCC_WARN_ABOUT_RETURN_TYPE = YES_ERROR;
				GCC_WARN_UNDECLARED_SELECTOR = YES;
				GCC_WARN_UNINITIALIZED_AUTOS = YES_AGGRESSIVE;
				GCC_WARN_UNUSED_FUNCTION = YES;
				GCC_WARN_UNUSED_VARIABLE = YES;
				IPHONEOS_DEPLOYMENT_TARGET = 15.2;
				MTL_ENABLE_DEBUG_INFO = NO;
				MTL_FAST_MATH = YES;
				SDKROOT = iphoneos;
				SWIFT_COMPILATION_MODE = wholemodule;
				SWIFT_OPTIMIZATION_LEVEL = "-O";
				VALIDATE_PRODUCT = YES;
			};
			name = Release;
		};
		6ADD763927D8B7F900C9B925 /* Debug */ = {
			isa = XCBuildConfiguration;
			buildSettings = {
				ASSETCATALOG_COMPILER_APPICON_NAME = AppIcon;
				ASSETCATALOG_COMPILER_GLOBAL_ACCENT_COLOR_NAME = AccentColor;
				CODE_SIGN_STYLE = Automatic;
				CURRENT_PROJECT_VERSION = 1;
				DEVELOPMENT_TEAM = 4N43M5G7R6;
				GENERATE_INFOPLIST_FILE = YES;
				INFOPLIST_FILE = "MVVM example app/Info.plist";
				INFOPLIST_KEY_UIApplicationSupportsIndirectInputEvents = YES;
				INFOPLIST_KEY_UILaunchStoryboardName = LaunchScreen;
				INFOPLIST_KEY_UIMainStoryboardFile = Main;
				INFOPLIST_KEY_UISupportedInterfaceOrientations_iPad = "UIInterfaceOrientationPortrait UIInterfaceOrientationPortraitUpsideDown UIInterfaceOrientationLandscapeLeft UIInterfaceOrientationLandscapeRight";
				INFOPLIST_KEY_UISupportedInterfaceOrientations_iPhone = "UIInterfaceOrientationPortrait UIInterfaceOrientationLandscapeLeft UIInterfaceOrientationLandscapeRight";
				IPHONEOS_DEPLOYMENT_TARGET = 14.0;
				LD_RUNPATH_SEARCH_PATHS = (
					"$(inherited)",
					"@executable_path/Frameworks",
				);
				MARKETING_VERSION = 1.0;
				PRODUCT_BUNDLE_IDENTIFIER = "com.shumapps.mvvm.MVVM-example-app";
				PRODUCT_NAME = "$(TARGET_NAME)";
				SWIFT_EMIT_LOC_STRINGS = YES;
				SWIFT_VERSION = 5.0;
				TARGETED_DEVICE_FAMILY = "1,2";
			};
			name = Debug;
		};
		6ADD763A27D8B7F900C9B925 /* Release */ = {
			isa = XCBuildConfiguration;
			buildSettings = {
				ASSETCATALOG_COMPILER_APPICON_NAME = AppIcon;
				ASSETCATALOG_COMPILER_GLOBAL_ACCENT_COLOR_NAME = AccentColor;
				CODE_SIGN_STYLE = Automatic;
				CURRENT_PROJECT_VERSION = 1;
				DEVELOPMENT_TEAM = 4N43M5G7R6;
				GENERATE_INFOPLIST_FILE = YES;
				INFOPLIST_FILE = "MVVM example app/Info.plist";
				INFOPLIST_KEY_UIApplicationSupportsIndirectInputEvents = YES;
				INFOPLIST_KEY_UILaunchStoryboardName = LaunchScreen;
				INFOPLIST_KEY_UIMainStoryboardFile = Main;
				INFOPLIST_KEY_UISupportedInterfaceOrientations_iPad = "UIInterfaceOrientationPortrait UIInterfaceOrientationPortraitUpsideDown UIInterfaceOrientationLandscapeLeft UIInterfaceOrientationLandscapeRight";
				INFOPLIST_KEY_UISupportedInterfaceOrientations_iPhone = "UIInterfaceOrientationPortrait UIInterfaceOrientationLandscapeLeft UIInterfaceOrientationLandscapeRight";
				IPHONEOS_DEPLOYMENT_TARGET = 14.0;
				LD_RUNPATH_SEARCH_PATHS = (
					"$(inherited)",
					"@executable_path/Frameworks",
				);
				MARKETING_VERSION = 1.0;
				PRODUCT_BUNDLE_IDENTIFIER = "com.shumapps.mvvm.MVVM-example-app";
				PRODUCT_NAME = "$(TARGET_NAME)";
				SWIFT_EMIT_LOC_STRINGS = YES;
				SWIFT_VERSION = 5.0;
				TARGETED_DEVICE_FAMILY = "1,2";
			};
			name = Release;
		};
/* End XCBuildConfiguration section */

/* Begin XCConfigurationList section */
		6ADD761F27D8B7F800C9B925 /* Build configuration list for PBXProject "MVVM example app" */ = {
			isa = XCConfigurationList;
			buildConfigurations = (
				6ADD763627D8B7F900C9B925 /* Debug */,
				6ADD763727D8B7F900C9B925 /* Release */,
			);
			defaultConfigurationIsVisible = 0;
			defaultConfigurationName = Release;
		};
		6ADD763827D8B7F900C9B925 /* Build configuration list for PBXNativeTarget "MVVM example app" */ = {
			isa = XCConfigurationList;
			buildConfigurations = (
				6ADD763927D8B7F900C9B925 /* Debug */,
				6ADD763A27D8B7F900C9B925 /* Release */,
			);
			defaultConfigurationIsVisible = 0;
			defaultConfigurationName = Release;
		};
/* End XCConfigurationList section */
	};
	rootObject = 6ADD761C27D8B7F800C9B925 /* Project object */;
}
